
Microsoft Visual Studio Solution File, Format Version 12.00
# Visual Studio Version 17
VisualStudioVersion = 17.1.32421.90
MinimumVisualStudioVersion = 10.0.40219.1
Project("{FAE04EC0-301F-11D3-BF4B-00C04F79EFBC}") = "Consultorio2", "Consultorio2.csproj", "{D3CAAC32-9B1F-466B-A491-4C10DB1B956B}"
EndProject
Global
	GlobalSection(SolutionConfigurationPlatforms) = preSolution
		Debug|Any CPU = Debug|Any CPU
		Release|Any CPU = Release|Any CPU
	EndGlobalSection
	GlobalSection(ProjectConfigurationPlatforms) = postSolution
		{D3CAAC32-9B1F-466B-A491-4C10DB1B956B}.Debug|Any CPU.ActiveCfg = Debug|Any CPU
		{D3CAAC32-9B1F-466B-A491-4C10DB1B956B}.Debug|Any CPU.Build.0 = Debug|Any CPU
		{D3CAAC32-9B1F-466B-A491-4C10DB1B956B}.Release|Any CPU.ActiveCfg = Release|Any CPU
		{D3CAAC32-9B1F-466B-A491-4C10DB1B956B}.Release|Any CPU.Build.0 = Release|Any CPU
	EndGlobalSection
	GlobalSection(SolutionProperties) = preSolution
		HideSolutionNode = FALSE
	EndGlobalSection
	GlobalSection(ExtensibilityGlobals) = postSolution
		SolutionGuid = {FE201D9D-D114-4004-8293-A9BACF82E27E}
	EndGlobalSection
EndGlobal
